// !$*UTF8*$!
{
	archiveVersion = 1;
	classes = {
	};
	objectVersion = 50;
	objects = {

/* Begin PBXBuildFile section */
		342DDDC923D576B7005297F9 /* AppDelegate.swift in Sources */ = {isa = PBXBuildFile; fileRef = 342DDDC823D576B7005297F9 /* AppDelegate.swift */; };
		342DDDCB23D576B7005297F9 /* SceneDelegate.swift in Sources */ = {isa = PBXBuildFile; fileRef = 342DDDCA23D576B7005297F9 /* SceneDelegate.swift */; };
		342DDDCD23D576B7005297F9 /* ViewController.swift in Sources */ = {isa = PBXBuildFile; fileRef = 342DDDCC23D576B7005297F9 /* ViewController.swift */; };
		342DDDD023D576B7005297F9 /* Main.storyboard in Resources */ = {isa = PBXBuildFile; fileRef = 342DDDCE23D576B7005297F9 /* Main.storyboard */; };
		342DDDD323D576B7005297F9 /* InstagramDemo.xcdatamodeld in Sources */ = {isa = PBXBuildFile; fileRef = 342DDDD123D576B7005297F9 /* InstagramDemo.xcdatamodeld */; };
		342DDDD523D576B8005297F9 /* Assets.xcassets in Resources */ = {isa = PBXBuildFile; fileRef = 342DDDD423D576B8005297F9 /* Assets.xcassets */; };
		342DDDD823D576B8005297F9 /* LaunchScreen.storyboard in Resources */ = {isa = PBXBuildFile; fileRef = 342DDDD623D576B8005297F9 /* LaunchScreen.storyboard */; };
		342DDDE323D576B8005297F9 /* InstagramDemoTests.swift in Sources */ = {isa = PBXBuildFile; fileRef = 342DDDE223D576B8005297F9 /* InstagramDemoTests.swift */; };
		342DDDEE23D576B8005297F9 /* InstagramDemoUITests.swift in Sources */ = {isa = PBXBuildFile; fileRef = 342DDDED23D576B8005297F9 /* InstagramDemoUITests.swift */; };
/* End PBXBuildFile section */

/* Begin PBXContainerItemProxy section */
		342DDDDF23D576B8005297F9 /* PBXContainerItemProxy */ = {
			isa = PBXContainerItemProxy;
			containerPortal = 342DDDBD23D576B7005297F9 /* Project object */;
			proxyType = 1;
			remoteGlobalIDString = 342DDDC423D576B7005297F9;
			remoteInfo = InstagramDemo;
		};
		342DDDEA23D576B8005297F9 /* PBXContainerItemProxy */ = {
			isa = PBXContainerItemProxy;
			containerPortal = 342DDDBD23D576B7005297F9 /* Project object */;
			proxyType = 1;
			remoteGlobalIDString = 342DDDC423D576B7005297F9;
			remoteInfo = InstagramDemo;
		};
/* End PBXContainerItemProxy section */

/* Begin PBXFileReference section */
		342DDDC523D576B7005297F9 /* InstagramDemo.app */ = {isa = PBXFileReference; explicitFileType = wrapper.application; includeInIndex = 0; path = InstagramDemo.app; sourceTree = BUILT_PRODUCTS_DIR; };
		342DDDC823D576B7005297F9 /* AppDelegate.swift */ = {isa = PBXFileReference; lastKnownFileType = sourcecode.swift; path = AppDelegate.swift; sourceTree = "<group>"; };
		342DDDCA23D576B7005297F9 /* SceneDelegate.swift */ = {isa = PBXFileReference; lastKnownFileType = sourcecode.swift; path = SceneDelegate.swift; sourceTree = "<group>"; };
		342DDDCC23D576B7005297F9 /* ViewController.swift */ = {isa = PBXFileReference; lastKnownFileType = sourcecode.swift; path = ViewController.swift; sourceTree = "<group>"; };
		342DDDCF23D576B7005297F9 /* Base */ = {isa = PBXFileReference; lastKnownFileType = file.storyboard; name = Base; path = Base.lproj/Main.storyboard; sourceTree = "<group>"; };
		342DDDD223D576B7005297F9 /* InstagramDemo.xcdatamodel */ = {isa = PBXFileReference; lastKnownFileType = wrapper.xcdatamodel; path = InstagramDemo.xcdatamodel; sourceTree = "<group>"; };
		342DDDD423D576B8005297F9 /* Assets.xcassets */ = {isa = PBXFileReference; lastKnownFileType = folder.assetcatalog; path = Assets.xcassets; sourceTree = "<group>"; };
		342DDDD723D576B8005297F9 /* Base */ = {isa = PBXFileReference; lastKnownFileType = file.storyboard; name = Base; path = Base.lproj/LaunchScreen.storyboard; sourceTree = "<group>"; };
		342DDDD923D576B8005297F9 /* Info.plist */ = {isa = PBXFileReference; lastKnownFileType = text.plist.xml; path = Info.plist; sourceTree = "<group>"; };
		342DDDDE23D576B8005297F9 /* InstagramDemoTests.xctest */ = {isa = PBXFileReference; explicitFileType = wrapper.cfbundle; includeInIndex = 0; path = InstagramDemoTests.xctest; sourceTree = BUILT_PRODUCTS_DIR; };
		342DDDE223D576B8005297F9 /* InstagramDemoTests.swift */ = {isa = PBXFileReference; lastKnownFileType = sourcecode.swift; path = InstagramDemoTests.swift; sourceTree = "<group>"; };
		342DDDE423D576B8005297F9 /* Info.plist */ = {isa = PBXFileReference; lastKnownFileType = text.plist.xml; path = Info.plist; sourceTree = "<group>"; };
		342DDDE923D576B8005297F9 /* InstagramDemoUITests.xctest */ = {isa = PBXFileReference; explicitFileType = wrapper.cfbundle; includeInIndex = 0; path = InstagramDemoUITests.xctest; sourceTree = BUILT_PRODUCTS_DIR; };
		342DDDED23D576B8005297F9 /* InstagramDemoUITests.swift */ = {isa = PBXFileReference; lastKnownFileType = sourcecode.swift; path = InstagramDemoUITests.swift; sourceTree = "<group>"; };
		342DDDEF23D576B8005297F9 /* Info.plist */ = {isa = PBXFileReference; lastKnownFileType = text.plist.xml; path = Info.plist; sourceTree = "<group>"; };
/* End PBXFileReference section */

/* Begin PBXFrameworksBuildPhase section */
		342DDDC223D576B7005297F9 /* Frameworks */ = {
			isa = PBXFrameworksBuildPhase;
			buildActionMask = 2147483647;
			files = (
			);
			runOnlyForDeploymentPostprocessing = 0;
		};
		342DDDDB23D576B8005297F9 /* Frameworks */ = {
			isa = PBXFrameworksBuildPhase;
			buildActionMask = 2147483647;
			files = (
			);
			runOnlyForDeploymentPostprocessing = 0;
		};
		342DDDE623D576B8005297F9 /* Frameworks */ = {
			isa = PBXFrameworksBuildPhase;
			buildActionMask = 2147483647;
			files = (
			);
			runOnlyForDeploymentPostprocessing = 0;
		};
/* End PBXFrameworksBuildPhase section */

/* Begin PBXGroup section */
		342DDDBC23D576B7005297F9 = {
			isa = PBXGroup;
			children = (
				342DDDC723D576B7005297F9 /* InstagramDemo */,
				342DDDE123D576B8005297F9 /* InstagramDemoTests */,
				342DDDEC23D576B8005297F9 /* InstagramDemoUITests */,
				342DDDC623D576B7005297F9 /* Products */,
			);
			sourceTree = "<group>";
		};
		342DDDC623D576B7005297F9 /* Products */ = {
			isa = PBXGroup;
			children = (
				342DDDC523D576B7005297F9 /* InstagramDemo.app */,
				342DDDDE23D576B8005297F9 /* InstagramDemoTests.xctest */,
				342DDDE923D576B8005297F9 /* InstagramDemoUITests.xctest */,
			);
			name = Products;
			sourceTree = "<group>";
		};
		342DDDC723D576B7005297F9 /* InstagramDemo */ = {
			isa = PBXGroup;
			children = (
				342DDDC823D576B7005297F9 /* AppDelegate.swift */,
				342DDDCA23D576B7005297F9 /* SceneDelegate.swift */,
				342DDDCC23D576B7005297F9 /* ViewController.swift */,
				342DDDCE23D576B7005297F9 /* Main.storyboard */,
				342DDDD423D576B8005297F9 /* Assets.xcassets */,
				342DDDD623D576B8005297F9 /* LaunchScreen.storyboard */,
				342DDDD923D576B8005297F9 /* Info.plist */,
				342DDDD123D576B7005297F9 /* InstagramDemo.xcdatamodeld */,
			);
			path = InstagramDemo;
			sourceTree = "<group>";
		};
		342DDDE123D576B8005297F9 /* InstagramDemoTests */ = {
			isa = PBXGroup;
			children = (
				342DDDE223D576B8005297F9 /* InstagramDemoTests.swift */,
				342DDDE423D576B8005297F9 /* Info.plist */,
			);
			path = InstagramDemoTests;
			sourceTree = "<group>";
		};
		342DDDEC23D576B8005297F9 /* InstagramDemoUITests */ = {
			isa = PBXGroup;
			children = (
				342DDDED23D576B8005297F9 /* InstagramDemoUITests.swift */,
				342DDDEF23D576B8005297F9 /* Info.plist */,
			);
			path = InstagramDemoUITests;
			sourceTree = "<group>";
		};
/* End PBXGroup section */

/* Begin PBXNativeTarget section */
		342DDDC423D576B7005297F9 /* InstagramDemo */ = {
			isa = PBXNativeTarget;
			buildConfigurationList = 342DDDF223D576B8005297F9 /* Build configuration list for PBXNativeTarget "InstagramDemo" */;
			buildPhases = (
				342DDDC123D576B7005297F9 /* Sources */,
				342DDDC223D576B7005297F9 /* Frameworks */,
				342DDDC323D576B7005297F9 /* Resources */,
			);
			buildRules = (
			);
			dependencies = (
			);
			name = InstagramDemo;
			productName = InstagramDemo;
			productReference = 342DDDC523D576B7005297F9 /* InstagramDemo.app */;
			productType = "com.apple.product-type.application";
		};
		342DDDDD23D576B8005297F9 /* InstagramDemoTests */ = {
			isa = PBXNativeTarget;
			buildConfigurationList = 342DDDF523D576B8005297F9 /* Build configuration list for PBXNativeTarget "InstagramDemoTests" */;
			buildPhases = (
				342DDDDA23D576B8005297F9 /* Sources */,
				342DDDDB23D576B8005297F9 /* Frameworks */,
				342DDDDC23D576B8005297F9 /* Resources */,
			);
			buildRules = (
			);
			dependencies = (
				342DDDE023D576B8005297F9 /* PBXTargetDependency */,
			);
			name = InstagramDemoTests;
			productName = InstagramDemoTests;
			productReference = 342DDDDE23D576B8005297F9 /* InstagramDemoTests.xctest */;
			productType = "com.apple.product-type.bundle.unit-test";
		};
		342DDDE823D576B8005297F9 /* InstagramDemoUITests */ = {
			isa = PBXNativeTarget;
			buildConfigurationList = 342DDDF823D576B8005297F9 /* Build configuration list for PBXNativeTarget "InstagramDemoUITests" */;
			buildPhases = (
				342DDDE523D576B8005297F9 /* Sources */,
				342DDDE623D576B8005297F9 /* Frameworks */,
				342DDDE723D576B8005297F9 /* Resources */,
			);
			buildRules = (
			);
			dependencies = (
				342DDDEB23D576B8005297F9 /* PBXTargetDependency */,
			);
			name = InstagramDemoUITests;
			productName = InstagramDemoUITests;
			productReference = 342DDDE923D576B8005297F9 /* InstagramDemoUITests.xctest */;
			productType = "com.apple.product-type.bundle.ui-testing";
		};
/* End PBXNativeTarget section */

/* Begin PBXProject section */
		342DDDBD23D576B7005297F9 /* Project object */ = {
			isa = PBXProject;
			attributes = {
				LastSwiftUpdateCheck = 1110;
				LastUpgradeCheck = 1110;
				ORGANIZATIONNAME = Mridula;
				TargetAttributes = {
					342DDDC423D576B7005297F9 = {
						CreatedOnToolsVersion = 11.1;
					};
					342DDDDD23D576B8005297F9 = {
						CreatedOnToolsVersion = 11.1;
						TestTargetID = 342DDDC423D576B7005297F9;
					};
					342DDDE823D576B8005297F9 = {
						CreatedOnToolsVersion = 11.1;
						TestTargetID = 342DDDC423D576B7005297F9;
					};
				};
			};
			buildConfigurationList = 342DDDC023D576B7005297F9 /* Build configuration list for PBXProject "InstagramDemo" */;
			compatibilityVersion = "Xcode 9.3";
			developmentRegion = en;
			hasScannedForEncodings = 0;
			knownRegions = (
				en,
				Base,
			);
			mainGroup = 342DDDBC23D576B7005297F9;
			productRefGroup = 342DDDC623D576B7005297F9 /* Products */;
			projectDirPath = "";
			projectRoot = "";
			targets = (
				342DDDC423D576B7005297F9 /* InstagramDemo */,
				342DDDDD23D576B8005297F9 /* InstagramDemoTests */,
				342DDDE823D576B8005297F9 /* InstagramDemoUITests */,
			);
		};
/* End PBXProject section */

/* Begin PBXResourcesBuildPhase section */
		342DDDC323D576B7005297F9 /* Resources */ = {
			isa = PBXResourcesBuildPhase;
			buildActionMask = 2147483647;
			files = (
				342DDDD823D576B8005297F9 /* LaunchScreen.storyboard in Resources */,
				342DDDD523D576B8005297F9 /* Assets.xcassets in Resources */,
				342DDDD023D576B7005297F9 /* Main.storyboard in Resources */,
			);
			runOnlyForDeploymentPostprocessing = 0;
		};
		342DDDDC23D576B8005297F9 /* Resources */ = {
			isa = PBXResourcesBuildPhase;
			buildActionMask = 2147483647;
			files = (
			);
			runOnlyForDeploymentPostprocessing = 0;
		};
		342DDDE723D576B8005297F9 /* Resources */ = {
			isa = PBXResourcesBuildPhase;
			buildActionMask = 2147483647;
			files = (
			);
			runOnlyForDeploymentPostprocessing = 0;
		};
/* End PBXResourcesBuildPhase section */

/* Begin PBXSourcesBuildPhase section */
		342DDDC123D576B7005297F9 /* Sources */ = {
			isa = PBXSourcesBuildPhase;
			buildActionMask = 2147483647;
			files = (
				342DDDCD23D576B7005297F9 /* ViewController.swift in Sources */,
				342DDDD323D576B7005297F9 /* InstagramDemo.xcdatamodeld in Sources */,
				342DDDC923D576B7005297F9 /* AppDelegate.swift in Sources */,
				342DDDCB23D576B7005297F9 /* SceneDelegate.swift in Sources */,
			);
			runOnlyForDeploymentPostprocessing = 0;
		};
		342DDDDA23D576B8005297F9 /* Sources */ = {
			isa = PBXSourcesBuildPhase;
			buildActionMask = 2147483647;
			files = (
				342DDDE323D576B8005297F9 /* InstagramDemoTests.swift in Sources */,
			);
			runOnlyForDeploymentPostprocessing = 0;
		};
		342DDDE523D576B8005297F9 /* Sources */ = {
			isa = PBXSourcesBuildPhase;
			buildActionMask = 2147483647;
			files = (
				342DDDEE23D576B8005297F9 /* InstagramDemoUITests.swift in Sources */,
			);
			runOnlyForDeploymentPostprocessing = 0;
		};
/* End PBXSourcesBuildPhase section */

/* Begin PBXTargetDependency section */
		342DDDE023D576B8005297F9 /* PBXTargetDependency */ = {
			isa = PBXTargetDependency;
			target = 342DDDC423D576B7005297F9 /* InstagramDemo */;
			targetProxy = 342DDDDF23D576B8005297F9 /* PBXContainerItemProxy */;
		};
		342DDDEB23D576B8005297F9 /* PBXTargetDependency */ = {
			isa = PBXTargetDependency;
			target = 342DDDC423D576B7005297F9 /* InstagramDemo */;
			targetProxy = 342DDDEA23D576B8005297F9 /* PBXContainerItemProxy */;
		};
/* End PBXTargetDependency section */

/* Begin PBXVariantGroup section */
		342DDDCE23D576B7005297F9 /* Main.storyboard */ = {
			isa = PBXVariantGroup;
			children = (
				342DDDCF23D576B7005297F9 /* Base */,
			);
			name = Main.storyboard;
			sourceTree = "<group>";
		};
		342DDDD623D576B8005297F9 /* LaunchScreen.storyboard */ = {
			isa = PBXVariantGroup;
			children = (
				342DDDD723D576B8005297F9 /* Base */,
			);
			name = LaunchScreen.storyboard;
			sourceTree = "<group>";
		};
/* End PBXVariantGroup section */

/* Begin XCBuildConfiguration section */
		342DDDF023D576B8005297F9 /* Debug */ = {
			isa = XCBuildConfiguration;
			buildSettings = {
				ALWAYS_SEARCH_USER_PATHS = NO;
				CLANG_ANALYZER_NONNULL = YES;
				CLANG_ANALYZER_NUMBER_OBJECT_CONVERSION = YES_AGGRESSIVE;
				CLANG_CXX_LANGUAGE_STANDARD = "gnu++14";
				CLANG_CXX_LIBRARY = "libc++";
				CLANG_ENABLE_MODULES = YES;
				CLANG_ENABLE_OBJC_ARC = YES;
				CLANG_ENABLE_OBJC_WEAK = YES;
				CLANG_WARN_BLOCK_CAPTURE_AUTORELEASING = YES;
				CLANG_WARN_BOOL_CONVERSION = YES;
				CLANG_WARN_COMMA = YES;
				CLANG_WARN_CONSTANT_CONVERSION = YES;
				CLANG_WARN_DEPRECATED_OBJC_IMPLEMENTATIONS = YES;
				CLANG_WARN_DIRECT_OBJC_ISA_USAGE = YES_ERROR;
				CLANG_WARN_DOCUMENTATION_COMMENTS = YES;
				CLANG_WARN_EMPTY_BODY = YES;
				CLANG_WARN_ENUM_CONVERSION = YES;
				CLANG_WARN_INFINITE_RECURSION = YES;
				CLANG_WARN_INT_CONVERSION = YES;
				CLANG_WARN_NON_LITERAL_NULL_CONVERSION = YES;
				CLANG_WARN_OBJC_IMPLICIT_RETAIN_SELF = YES;
				CLANG_WARN_OBJC_LITERAL_CONVERSION = YES;
				CLANG_WARN_OBJC_ROOT_CLASS = YES_ERROR;
				CLANG_WARN_RANGE_LOOP_ANALYSIS = YES;
				CLANG_WARN_STRICT_PROTOTYPES = YES;
				CLANG_WARN_SUSPICIOUS_MOVE = YES;
				CLANG_WARN_UNGUARDED_AVAILABILITY = YES_AGGRESSIVE;
				CLANG_WARN_UNREACHABLE_CODE = YES;
				CLANG_WARN__DUPLICATE_METHOD_MATCH = YES;
				COPY_PHASE_STRIP = NO;
				DEBUG_INFORMATION_FORMAT = dwarf;
				ENABLE_STRICT_OBJC_MSGSEND = YES;
				ENABLE_TESTABILITY = YES;
				GCC_C_LANGUAGE_STANDARD = gnu11;
				GCC_DYNAMIC_NO_PIC = NO;
				GCC_NO_COMMON_BLOCKS = YES;
				GCC_OPTIMIZATION_LEVEL = 0;
				GCC_PREPROCESSOR_DEFINITIONS = (
					"DEBUG=1",
					"$(inherited)",
				);
				GCC_WARN_64_TO_32_BIT_CONVERSION = YES;
				GCC_WARN_ABOUT_RETURN_TYPE = YES_ERROR;
				GCC_WARN_UNDECLARED_SELECTOR = YES;
				GCC_WARN_UNINITIALIZED_AUTOS = YES_AGGRESSIVE;
				GCC_WARN_UNUSED_FUNCTION = YES;
				GCC_WARN_UNUSED_VARIABLE = YES;
				IPHONEOS_DEPLOYMENT_TARGET = 13.1;
				MTL_ENABLE_DEBUG_INFO = INCLUDE_SOURCE;
				MTL_FAST_MATH = YES;
				ONLY_ACTIVE_ARCH = YES;
				SDKROOT = iphoneos;
				SWIFT_ACTIVE_COMPILATION_CONDITIONS = DEBUG;
				SWIFT_OPTIMIZATION_LEVEL = "-Onone";
			};
			name = Debug;
		};
		342DDDF123D576B8005297F9 /* Release */ = {
			isa = XCBuildConfiguration;
			buildSettings = {
				ALWAYS_SEARCH_USER_PATHS = NO;
				CLANG_ANALYZER_NONNULL = YES;
				CLANG_ANALYZER_NUMBER_OBJECT_CONVERSION = YES_AGGRESSIVE;
				CLANG_CXX_LANGUAGE_STANDARD = "gnu++14";
				CLANG_CXX_LIBRARY = "libc++";
				CLANG_ENABLE_MODULES = YES;
				CLANG_ENABLE_OBJC_ARC = YES;
				CLANG_ENABLE_OBJC_WEAK = YES;
				CLANG_WARN_BLOCK_CAPTURE_AUTORELEASING = YES;
				CLANG_WARN_BOOL_CONVERSION = YES;
				CLANG_WARN_COMMA = YES;
				CLANG_WARN_CONSTANT_CONVERSION = YES;
				CLANG_WARN_DEPRECATED_OBJC_IMPLEMENTATIONS = YES;
				CLANG_WARN_DIRECT_OBJC_ISA_USAGE = YES_ERROR;
				CLANG_WARN_DOCUMENTATION_COMMENTS = YES;
				CLANG_WARN_EMPTY_BODY = YES;
				CLANG_WARN_ENUM_CONVERSION = YES;
				CLANG_WARN_INFINITE_RECURSION = YES;
				CLANG_WARN_INT_CONVERSION = YES;
				CLANG_WARN_NON_LITERAL_NULL_CONVERSION = YES;
				CLANG_WARN_OBJC_IMPLICIT_RETAIN_SELF = YES;
				CLANG_WARN_OBJC_LITERAL_CONVERSION = YES;
				CLANG_WARN_OBJC_ROOT_CLASS = YES_ERROR;
				CLANG_WARN_RANGE_LOOP_ANALYSIS = YES;
				CLANG_WARN_STRICT_PROTOTYPES = YES;
				CLANG_WARN_SUSPICIOUS_MOVE = YES;
				CLANG_WARN_UNGUARDED_AVAILABILITY = YES_AGGRESSIVE;
				CLANG_WARN_UNREACHABLE_CODE = YES;
				CLANG_WARN__DUPLICATE_METHOD_MATCH = YES;
				COPY_PHASE_STRIP = NO;
				DEBUG_INFORMATION_FORMAT = "dwarf-with-dsym";
				ENABLE_NS_ASSERTIONS = NO;
				ENABLE_STRICT_OBJC_MSGSEND = YES;
				GCC_C_LANGUAGE_STANDARD = gnu11;
				GCC_NO_COMMON_BLOCKS = YES;
				GCC_WARN_64_TO_32_BIT_CONVERSION = YES;
				GCC_WARN_ABOUT_RETURN_TYPE = YES_ERROR;
				GCC_WARN_UNDECLARED_SELECTOR = YES;
				GCC_WARN_UNINITIALIZED_AUTOS = YES_AGGRESSIVE;
				GCC_WARN_UNUSED_FUNCTION = YES;
				GCC_WARN_UNUSED_VARIABLE = YES;
				IPHONEOS_DEPLOYMENT_TARGET = 13.1;
				MTL_ENABLE_DEBUG_INFO = NO;
				MTL_FAST_MATH = YES;
				SDKROOT = iphoneos;
				SWIFT_COMPILATION_MODE = wholemodule;
				SWIFT_OPTIMIZATION_LEVEL = "-O";
				VALIDATE_PRODUCT = YES;
			};
			name = Release;
		};
		342DDDF323D576B8005297F9 /* Debug */ = {
			isa = XCBuildConfiguration;
			buildSettings = {
				ASSETCATALOG_COMPILER_APPICON_NAME = AppIcon;
				CODE_SIGN_STYLE = Automatic;
				INFOPLIST_FILE = InstagramDemo/Info.plist;
				LD_RUNPATH_SEARCH_PATHS = (
					"$(inherited)",
					"@executable_path/Frameworks",
				);
				PRODUCT_BUNDLE_IDENTIFIER = mridula.InstagramDemo;
				PRODUCT_NAME = "$(TARGET_NAME)";
				SWIFT_VERSION = 5.0;
				TARGETED_DEVICE_FAMILY = "1,2";
			};
			name = Debug;
		};
		342DDDF423D576B8005297F9 /* Release */ = {
			isa = XCBuildConfiguration;
			buildSettings = {
				ASSETCATALOG_COMPILER_APPICON_NAME = AppIcon;
				CODE_SIGN_STYLE = Automatic;
				INFOPLIST_FILE = InstagramDemo/Info.plist;
				LD_RUNPATH_SEARCH_PATHS = (
					"$(inherited)",
					"@executable_path/Frameworks",
				);
				PRODUCT_BUNDLE_IDENTIFIER = mridula.InstagramDemo;
				PRODUCT_NAME = "$(TARGET_NAME)";
				SWIFT_VERSION = 5.0;
				TARGETED_DEVICE_FAMILY = "1,2";
			};
			name = Release;
		};
		342DDDF623D576B8005297F9 /* Debug */ = {
			isa = XCBuildConfiguration;
			buildSettings = {
				ALWAYS_EMBED_SWIFT_STANDARD_LIBRARIES = YES;
				BUNDLE_LOADER = "$(TEST_HOST)";
				CODE_SIGN_STYLE = Automatic;
				INFOPLIST_FILE = InstagramDemoTests/Info.plist;
				IPHONEOS_DEPLOYMENT_TARGET = 13.1;
				LD_RUNPATH_SEARCH_PATHS = (
					"$(inherited)",
					"@executable_path/Frameworks",
					"@loader_path/Frameworks",
				);
				PRODUCT_BUNDLE_IDENTIFIER = mridula.InstagramDemoTests;
				PRODUCT_NAME = "$(TARGET_NAME)";
				SWIFT_VERSION = 5.0;
				TARGETED_DEVICE_FAMILY = "1,2";
				TEST_HOST = "$(BUILT_PRODUCTS_DIR)/InstagramDemo.app/InstagramDemo";
			};
			name = Debug;
		};
		342DDDF723D576B8005297F9 /* Release */ = {
			isa = XCBuildConfiguration;
			buildSettings = {
				ALWAYS_EMBED_SWIFT_STANDARD_LIBRARIES = YES;
				BUNDLE_LOADER = "$(TEST_HOST)";
				CODE_SIGN_STYLE = Automatic;
				INFOPLIST_FILE = InstagramDemoTests/Info.plist;
				IPHONEOS_DEPLOYMENT_TARGET = 13.1;
				LD_RUNPATH_SEARCH_PATHS = (
					"$(inherited)",
					"@executable_path/Frameworks",
					"@loader_path/Frameworks",
				);
				PRODUCT_BUNDLE_IDENTIFIER = mridula.InstagramDemoTests;
				PRODUCT_NAME = "$(TARGET_NAME)";
				SWIFT_VERSION = 5.0;
				TARGETED_DEVICE_FAMILY = "1,2";
				TEST_HOST = "$(BUILT_PRODUCTS_DIR)/InstagramDemo.app/InstagramDemo";
			};
			name = Release;
		};
		342DDDF923D576B8005297F9 /* Debug */ = {
			isa = XCBuildConfiguration;
			buildSettings = {
				ALWAYS_EMBED_SWIFT_STANDARD_LIBRARIES = YES;
				CODE_SIGN_STYLE = Automatic;
				INFOPLIST_FILE = InstagramDemoUITests/Info.plist;
				LD_RUNPATH_SEARCH_PATHS = (
					"$(inherited)",
					"@executable_path/Frameworks",
					"@loader_path/Frameworks",
				);
				PRODUCT_BUNDLE_IDENTIFIER = mridula.InstagramDemoUITests;
				PRODUCT_NAME = "$(TARGET_NAME)";
				SWIFT_VERSION = 5.0;
				TARGETED_DEVICE_FAMILY = "1,2";
				TEST_TARGET_NAME = InstagramDemo;
			};
			name = Debug;
		};
		342DDDFA23D576B8005297F9 /* Release */ = {
			isa = XCBuildConfiguration;
			buildSettings = {
				ALWAYS_EMBED_SWIFT_STANDARD_LIBRARIES = YES;
				CODE_SIGN_STYLE = Automatic;
				INFOPLIST_FILE = InstagramDemoUITests/Info.plist;
				LD_RUNPATH_SEARCH_PATHS = (
					"$(inherited)",
					"@executable_path/Frameworks",
					"@loader_path/Frameworks",
				);
				PRODUCT_BUNDLE_IDENTIFIER = mridula.InstagramDemoUITests;
				PRODUCT_NAME = "$(TARGET_NAME)";
				SWIFT_VERSION = 5.0;
				TARGETED_DEVICE_FAMILY = "1,2";
				TEST_TARGET_NAME = InstagramDemo;
			};
			name = Release;
		};
/* End XCBuildConfiguration section */

/* Begin XCConfigurationList section */
		342DDDC023D576B7005297F9 /* Build configuration list for PBXProject "InstagramDemo" */ = {
			isa = XCConfigurationList;
			buildConfigurations = (
				342DDDF023D576B8005297F9 /* Debug */,
				342DDDF123D576B8005297F9 /* Release */,
			);
			defaultConfigurationIsVisible = 0;
			defaultConfigurationName = Release;
		};
		342DDDF223D576B8005297F9 /* Build configuration list for PBXNativeTarget "InstagramDemo" */ = {
			isa = XCConfigurationList;
			buildConfigurations = (
				342DDDF323D576B8005297F9 /* Debug */,
				342DDDF423D576B8005297F9 /* Release */,
			);
			defaultConfigurationIsVisible = 0;
			defaultConfigurationName = Release;
		};
		342DDDF523D576B8005297F9 /* Build configuration list for PBXNativeTarget "InstagramDemoTests" */ = {
			isa = XCConfigurationList;
			buildConfigurations = (
				342DDDF623D576B8005297F9 /* Debug */,
				342DDDF723D576B8005297F9 /* Release */,
			);
			defaultConfigurationIsVisible = 0;
			defaultConfigurationName = Release;
		};
		342DDDF823D576B8005297F9 /* Build configuration list for PBXNativeTarget "InstagramDemoUITests" */ = {
			isa = XCConfigurationList;
			buildConfigurations = (
				342DDDF923D576B8005297F9 /* Debug */,
				342DDDFA23D576B8005297F9 /* Release */,
			);
			defaultConfigurationIsVisible = 0;
			defaultConfigurationName = Release;
		};
/* End XCConfigurationList section */

/* Begin XCVersionGroup section */
		342DDDD123D576B7005297F9 /* InstagramDemo.xcdatamodeld */ = {
			isa = XCVersionGroup;
			children = (
				342DDDD223D576B7005297F9 /* InstagramDemo.xcdatamodel */,
			);
			currentVersion = 342DDDD223D576B7005297F9 /* InstagramDemo.xcdatamodel */;
			path = InstagramDemo.xcdatamodeld;
			sourceTree = "<group>";
			versionGroupType = wrapper.xcdatamodel;
		};
/* End XCVersionGroup section */
	};
	rootObject = 342DDDBD23D576B7005297F9 /* Project object */;
}
